
Microsoft Visual Studio Solution File, Format Version 12.00
# Visual Studio 14
VisualStudioVersion = 14.0.25123.0
MinimumVisualStudioVersion = 10.0.40219.1
Project("{C80A2734-91F4-4189-9AE1-0704FD9DA906}") = "Sitecore.Support.148582", "Sitecore.Support.148582\Sitecore.Support.148582.csproj", "{CABF86B4-E88B-41D7-A0A7-401CE6276329}"
EndProject
Global
	GlobalSection(SolutionConfigurationPlatforms) = preSolution
		Debug|Any CPU = Debug|Any CPU
		Release|Any CPU = Release|Any CPU
	EndGlobalSection
	GlobalSection(ProjectConfigurationPlatforms) = postSolution
		{CABF86B4-E88B-41D7-A0A7-401CE6276329}.Debug|Any CPU.ActiveCfg = Debug|Any CPU
		{CABF86B4-E88B-41D7-A0A7-401CE6276329}.Debug|Any CPU.Build.0 = Debug|Any CPU
		{CABF86B4-E88B-41D7-A0A7-401CE6276329}.Release|Any CPU.ActiveCfg = Release|Any CPU
		{CABF86B4-E88B-41D7-A0A7-401CE6276329}.Release|Any CPU.Build.0 = Release|Any CPU
	EndGlobalSection
	GlobalSection(SolutionProperties) = preSolution
		HideSolutionNode = FALSE
	EndGlobalSection
EndGlobal
